{
  "nodes": {
    "devenv": {
      "locked": {
        "dir": "src/modules",
        "lastModified": 1774190397,
        "narHash": "sha256-+bfRcZN48q4LXmJEkHxOEnUqdZuqOLwPERTFVR1u9X8=",
        "owner": "cachix",
        "repo": "devenv",
        "rev": "0b667e6d972445c285cbc8b5a6a01900555d3be5",
        "type": "github"
      },
      "original": {
        "dir": "src/modules",
        "owner": "cachix",
        "repo": "devenv",
        "type": "github"
      }
    },
    "flake-compat": {
      "locked": {
        "lastModified": 1747046372,
        "narHash": "sha256-CIVLLkVgvHYbgI2UpXvIIBJ12HWgX+fjA8Xf8PUmqCY=",
        "owner": "edolstra",
        "repo": "flake-compat",
        "rev": "9100a0f413b0c601e0533d1d94ffd501ce2e7885",
        "type": "github"
      },
      "original": {
        "owner": "edolstra",
        "repo": "flake-compat",
        "type": "github"
      }
    },
    "nixpkgs": {
      "locked": {
        "lastModified": 1773840656,
        "narHash": "sha256-9tpvMGFteZnd3gRQZFlRCohVpqooygFuy9yjuyRL2C0=",
        "owner": "nixos",
        "repo": "nixpkgs",
        "rev": "9cf7092bdd603554bd8b63c216e8943cf9b12512",
        "type": "github"
      },
      "original": {
        "owner": "nixos",
        "ref": "nixpkgs-unstable",
        "repo": "nixpkgs",
        "type": "github"
      }
    },
    "nixpkgs-emscripten": {
      "locked": {
        "lastModified": 1732896023,
        "narHash": "sha256-H5XwF9vdzBvqWxR6WMVOiV/eESB3qFLKexWKtCPAuu0=",
        "owner": "nixos",
        "repo": "nixpkgs",
        "rev": "e255a9090e25aed2486f9fb00e5d645fb342d654",
        "type": "github"
      },
      "original": {
        "owner": "nixos",
        "repo": "nixpkgs",
        "rev": "e255a9090e25aed2486f9fb00e5d645fb342d654",
        "type": "github"
      }
    },
    "nixpkgs_2": {
      "locked": {
        "lastModified": 1751349533,
        "narHash": "sha256-5XRh0mB06/7WYDLu9ZXsx1GhyvvNVZDtPyg34sUCLJs=",
        "owner": "nixos",
        "repo": "nixpkgs",
        "rev": "bdfd0f2afcf764e531d0960c821ab070a6174b15",
        "type": "github"
      },
      "original": {
        "owner": "nixos",
        "ref": "nixpkgs-unstable",
        "repo": "nixpkgs",
        "type": "github"
      }
    },
    "root": {
      "inputs": {
        "devenv": "devenv",
        "nixpkgs": "nixpkgs",
        "nixpkgs-emscripten": "nixpkgs-emscripten",
        "rust-overlay": "rust-overlay",
        "tracy": "tracy"
      }
    },
    "rust-overlay": {
      "inputs": {
        "nixpkgs": [
          "nixpkgs"
        ]
      },
      "locked": {
        "lastModified": 1774235565,
        "narHash": "sha256-D8OOwvq3zDDCtIhMcNueb9tGSZaZUanKpWDleRgQ80U=",
        "owner": "oxalica",
        "repo": "rust-overlay",
        "rev": "dc00324a2438762582b49954373112b8eab29cab",
        "type": "github"
      },
      "original": {
        "owner": "oxalica",
        "repo": "rust-overlay",
        "type": "github"
      }
    },
    "tracy": {
      "inputs": {
        "flake-compat": "flake-compat",
        "nixpkgs": "nixpkgs_2"
      },
      "locked": {
        "lastModified": 1751404470,
        "narHash": "sha256-IEaRA4GiGV8VBep4I/L8yniZ8pyEC+mW/dV8O1H0uhE=",
        "owner": "allyourcodebase",
        "repo": "tracy",
        "rev": "2ffcfc74dd24e77113fb07b3044a3fb2f5c2c325",
        "type": "github"
      },
      "original": {
        "owner": "allyourcodebase",
        "repo": "tracy",
        "rev": "2ffcfc74dd24e77113fb07b3044a3fb2f5c2c325",
        "type": "github"
      }
    }
  },
  "root": "root",
  "version": 7
}